
Microsoft Visual Studio Solution File, Format Version 12.00
# Visual Studio Version 17
VisualStudioVersion = 17.12.35527.113 d17.12
MinimumVisualStudioVersion = 10.0.40219.1
Project("{FAE04EC0-301F-11D3-BF4B-00C04F79EFBC}") = "Project.Server", "Project.Server\Project.Server.csproj", "{7A773840-4651-4B70-87E9-37DDDF942E76}"
EndProject
Project("{54A90642-561A-4BB1-A94E-469ADEE60C69}") = "project.client", "project.client\project.client.esproj", "{432B37F9-1E03-4C49-A9E8-FFB60183D5F0}"
EndProject
Global
	GlobalSection(SolutionConfigurationPlatforms) = preSolution
		Debug|Any CPU = Debug|Any CPU
		Release|Any CPU = Release|Any CPU
	EndGlobalSection
	GlobalSection(ProjectConfigurationPlatforms) = postSolution
		{7A773840-4651-4B70-87E9-37DDDF942E76}.Debug|Any CPU.ActiveCfg = Debug|Any CPU
		{7A773840-4651-4B70-87E9-37DDDF942E76}.Debug|Any CPU.Build.0 = Debug|Any CPU
		{7A773840-4651-4B70-87E9-37DDDF942E76}.Release|Any CPU.ActiveCfg = Release|Any CPU
		{7A773840-4651-4B70-87E9-37DDDF942E76}.Release|Any CPU.Build.0 = Release|Any CPU
		{432B37F9-1E03-4C49-A9E8-FFB60183D5F0}.Debug|Any CPU.ActiveCfg = Debug|Any CPU
		{432B37F9-1E03-4C49-A9E8-FFB60183D5F0}.Debug|Any CPU.Build.0 = Debug|Any CPU
		{432B37F9-1E03-4C49-A9E8-FFB60183D5F0}.Debug|Any CPU.Deploy.0 = Debug|Any CPU
		{432B37F9-1E03-4C49-A9E8-FFB60183D5F0}.Release|Any CPU.ActiveCfg = Release|Any CPU
		{432B37F9-1E03-4C49-A9E8-FFB60183D5F0}.Release|Any CPU.Build.0 = Release|Any CPU
		{432B37F9-1E03-4C49-A9E8-FFB60183D5F0}.Release|Any CPU.Deploy.0 = Release|Any CPU
	EndGlobalSection
	GlobalSection(SolutionProperties) = preSolution
		HideSolutionNode = FALSE
	EndGlobalSection
EndGlobal
